
Microsoft Visual Studio Solution File, Format Version 12.00
# Visual Studio Version 16
VisualStudioVersion = 16.0.29306.81
MinimumVisualStudioVersion = 10.0.40219.1
Project("{8BC9CEB8-8B4A-11D0-8D11-00A0C91BC942}") = "Bittorrent", "Bittorrent.vcxproj", "{F64E6FCA-123B-420E-9604-9A5631997348}"
EndProject
Global
	GlobalSection(SolutionConfigurationPlatforms) = preSolution
		Debug|x64 = Debug|x64
		Debug|x86 = Debug|x86
		Release|x64 = Release|x64
		Release|x86 = Release|x86
	EndGlobalSection
	GlobalSection(ProjectConfigurationPlatforms) = postSolution
		{F64E6FCA-123B-420E-9604-9A5631997348}.Debug|x64.ActiveCfg = Debug|x64
		{F64E6FCA-123B-420E-9604-9A5631997348}.Debug|x64.Build.0 = Debug|x64
		{F64E6FCA-123B-420E-9604-9A5631997348}.Debug|x86.ActiveCfg = Debug|Win32
		{F64E6FCA-123B-420E-9604-9A5631997348}.Debug|x86.Build.0 = Debug|Win32
		{F64E6FCA-123B-420E-9604-9A5631997348}.Release|x64.ActiveCfg = Release|x64
		{F64E6FCA-123B-420E-9604-9A5631997348}.Release|x64.Build.0 = Release|x64
		{F64E6FCA-123B-420E-9604-9A5631997348}.Release|x86.ActiveCfg = Release|Win32
		{F64E6FCA-123B-420E-9604-9A5631997348}.Release|x86.Build.0 = Release|Win32
	EndGlobalSection
	GlobalSection(SolutionProperties) = preSolution
		HideSolutionNode = FALSE
	EndGlobalSection
	GlobalSection(ExtensibilityGlobals) = postSolution
		SolutionGuid = {20E598F3-96F3-4EBE-9D18-6E423DF6BE40}
	EndGlobalSection
EndGlobal
